
Microsoft Visual Studio Solution File, Format Version 12.00
# Visual Studio 2013
VisualStudioVersion = 12.0.30723.0
MinimumVisualStudioVersion = 10.0.40219.1
Project("{FAE04EC0-301F-11D3-BF4B-00C04F79EFBC}") = "InOut.UI", "InOut.UI\InOut.UI.csproj", "{A27B166B-A875-4CB2-ADDD-39724F741DCB}"
EndProject
Project("{FAE04EC0-301F-11D3-BF4B-00C04F79EFBC}") = "InOut.UI.Tests", "InOut.UI.Tests\InOut.UI.Tests.csproj", "{8A3D77B5-CB34-40AD-8658-8BA46FC0F835}"
EndProject
Global
	GlobalSection(SolutionConfigurationPlatforms) = preSolution
		Debug|Any CPU = Debug|Any CPU
		Release|Any CPU = Release|Any CPU
	EndGlobalSection
	GlobalSection(ProjectConfigurationPlatforms) = postSolution
		{A27B166B-A875-4CB2-ADDD-39724F741DCB}.Debug|Any CPU.ActiveCfg = Debug|Any CPU
		{A27B166B-A875-4CB2-ADDD-39724F741DCB}.Debug|Any CPU.Build.0 = Debug|Any CPU
		{A27B166B-A875-4CB2-ADDD-39724F741DCB}.Release|Any CPU.ActiveCfg = Release|Any CPU
		{A27B166B-A875-4CB2-ADDD-39724F741DCB}.Release|Any CPU.Build.0 = Release|Any CPU
		{8A3D77B5-CB34-40AD-8658-8BA46FC0F835}.Debug|Any CPU.ActiveCfg = Debug|Any CPU
		{8A3D77B5-CB34-40AD-8658-8BA46FC0F835}.Debug|Any CPU.Build.0 = Debug|Any CPU
		{8A3D77B5-CB34-40AD-8658-8BA46FC0F835}.Release|Any CPU.ActiveCfg = Release|Any CPU
		{8A3D77B5-CB34-40AD-8658-8BA46FC0F835}.Release|Any CPU.Build.0 = Release|Any CPU
	EndGlobalSection
	GlobalSection(SolutionProperties) = preSolution
		HideSolutionNode = FALSE
	EndGlobalSection
EndGlobal
